<?xml version="1.0" encoding="utf-8"?>
<Project ToolsVersion="4.0" xmlns="http://schemas.microsoft.com/developer/msbuild/2003">
  <ItemGroup>
    <Filter Include="Form Files">
      <UniqueIdentifier>{99349809-55BA-4b9d-BF79-8FDBB0286EB3}</UniqueIdentifier>
      <Extensions>ui</Extensions>
      <ParseFiles>false</ParseFiles>
    </Filter>
    <Filter Include="Form Files">
      <UniqueIdentifier>{99349809-55BA-4b9d-BF79-8FDBB0286EB3}</UniqueIdentifier>
      <Extensions>ui</Extensions>
      <ParseFiles>false</ParseFiles>
    </Filter>
    <Filter Include="Generated Files">
      <UniqueIdentifier>{71ED8ED8-ACB9-4CE9-BBE1-E00B30144E11}</UniqueIdentifier>
      <Extensions>cpp;c;cxx;moc;h;def;odl;idl;res;</Extensions>
    </Filter>
    <Filter Include="Generated Files">
      <UniqueIdentifier>{71ED8ED8-ACB9-4CE9-BBE1-E00B30144E11}</UniqueIdentifier>
      <Extensions>cpp;c;cxx;moc;h;def;odl;idl;res;</Extensions>
    </Filter>
    <Filter Include="Header Files">
      <UniqueIdentifier>{93995380-89BD-4b04-88EB-625FBE52EBFB}</UniqueIdentifier>
      <Extensions>h;hpp;hxx;hm;inl;inc;xsd</Extensions>
    </Filter>
    <Filter Include="Header Files">
      <UniqueIdentifier>{93995380-89BD-4b04-88EB-625FBE52EBFB}</UniqueIdentifier>
      <Extensions>h;hpp;hxx;hm;inl;inc;xsd</Extensions>
    </Filter>
    <Filter Include="Source Files">
      <UniqueIdentifier>{4FC737F1-C7A5-4376-A066-2A32D752A2FF}</UniqueIdentifier>
      <Extensions>cpp;c;cxx;def;odl;idl;hpj;bat;asm;asmx</Extensions>
    </Filter>
    <Filter Include="Source Files">
      <UniqueIdentifier>{4FC737F1-C7A5-4376-A066-2A32D752A2FF}</UniqueIdentifier>
      <Extensions>cpp;c;cxx;def;odl;idl;hpj;bat;asm;asmx</Extensions>
    </Filter>
    <Filter Include="Generated Files\Debug">
      <UniqueIdentifier>{c63fd2ee-d790-46e5-b366-3b37be935bcf}</UniqueIdentifier>
      <Extensions>cpp;moc</Extensions>
      <SourceControlFiles>False</SourceControlFiles>
    </Filter>
    <Filter Include="Generated Files\Release">
      <UniqueIdentifier>{c1a1ade1-e2b4-40d4-bf35-703f1f4dc73c}</UniqueIdentifier>
      <Extensions>cpp;moc</Extensions>
      <SourceControlFiles>False</SourceControlFiles>
    </Filter>
  </ItemGroup>
  <ItemGroup>
    <ClCompile Include="QJson\json_parser.cc">
      <Filter>Source Files</Filter>
    </ClCompile>
    <ClCompile Include="QJson\json_scanner.cpp">
      <Filter>Source Files</Filter>
    </ClCompile>
    <ClCompile Include="main.cpp">
      <Filter>Source Files</Filter>
    </ClCompile>
    <ClCompile Include="mainwindow.cpp">
      <Filter>Source Files</Filter>
    </ClCompile>
    <ClCompile Include="QJson\parser.cpp">
      <Filter>Source Files</Filter>
    </ClCompile>
    <ClCompile Include="QJson\parserrunnable.cpp">
      <Filter>Source Files</Filter>
    </ClCompile>
    <ClCompile Include="QJson\qobjecthelper.cpp">
      <Filter>Source Files</Filter>
    </ClCompile>
    <ClCompile Include="qtutil.cpp">
      <Filter>Source Files</Filter>
    </ClCompile>
    <ClCompile Include="QJson\serializer.cpp">
      <Filter>Source Files</Filter>
    </ClCompile>
    <ClCompile Include="QJson\serializerrunnable.cpp">
      <Filter>Source Files</Filter>
    </ClCompile>
    <ClCompile Include="ticker.cpp">
      <Filter>Source Files</Filter>
    </ClCompile>
    <ClCompile Include="zdm2\zdmhttp.cpp">
      <Filter>Source Files</Filter>
    </ClCompile>
    <ClCompile Include="zdm2\zdmhttpex.cpp">
      <Filter>Source Files</Filter>
    </ClCompile>
    <ClCompile Include="zdmhttptest.cpp">
      <Filter>Source Files</Filter>
    </ClCompile>
    <ClCompile Include="zlog.cpp">
      <Filter>Source Files</Filter>
    </ClCompile>
    <ClCompile Include="Debug\moc_mainwindow.cpp">
      <Filter>Generated Files\Debug</Filter>
    </ClCompile>
    <ClCompile Include="Release\moc_mainwindow.cpp">
      <Filter>Generated Files\Release</Filter>
    </ClCompile>
    <ClCompile Include="Debug\moc_parserrunnable.cpp">
      <Filter>Generated Files\Debug</Filter>
    </ClCompile>
    <ClCompile Include="Release\moc_parserrunnable.cpp">
      <Filter>Generated Files\Release</Filter>
    </ClCompile>
    <ClCompile Include="Debug\moc_qtutil.cpp">
      <Filter>Generated Files\Debug</Filter>
    </ClCompile>
    <ClCompile Include="Release\moc_qtutil.cpp">
      <Filter>Generated Files\Release</Filter>
    </ClCompile>
    <ClCompile Include="Debug\moc_serializerrunnable.cpp">
      <Filter>Generated Files\Debug</Filter>
    </ClCompile>
    <ClCompile Include="Release\moc_serializerrunnable.cpp">
      <Filter>Generated Files\Release</Filter>
    </ClCompile>
    <ClCompile Include="Debug\moc_ticker.cpp">
      <Filter>Generated Files\Debug</Filter>
    </ClCompile>
    <ClCompile Include="Release\moc_ticker.cpp">
      <Filter>Generated Files\Release</Filter>
    </ClCompile>
    <ClCompile Include="Debug\moc_zdmhttpex.cpp">
      <Filter>Generated Files\Debug</Filter>
    </ClCompile>
    <ClCompile Include="Release\moc_zdmhttpex.cpp">
      <Filter>Generated Files\Release</Filter>
    </ClCompile>
    <ClCompile Include="Debug\moc_zdmhttptest.cpp">
      <Filter>Generated Files\Debug</Filter>
    </ClCompile>
    <ClCompile Include="Release\moc_zdmhttptest.cpp">
      <Filter>Generated Files\Release</Filter>
    </ClCompile>
  </ItemGroup>
  <ItemGroup>
    <ClInclude Include="QJson\FlexLexer.h">
      <Filter>Header Files</Filter>
    </ClInclude>
    <ClInclude Include="cfunctions.h">
      <Filter>Header Files</Filter>
    </ClInclude>
    <ClInclude Include="dbg_byZed.h">
      <Filter>Header Files</Filter>
    </ClInclude>
    <ClInclude Include="QJson\json_parser.hh">
      <Filter>Header Files</Filter>
    </ClInclude>
    <ClInclude Include="QJson\json_scanner.h">
      <Filter>Header Files</Filter>
    </ClInclude>
    <ClInclude Include="QJson\location.hh">
      <Filter>Header Files</Filter>
    </ClInclude>
    <CustomBuild Include="mainwindow.h">
      <Filter>Header Files</Filter>
    </CustomBuild>
    <ClInclude Include="QJson\parser.h">
      <Filter>Header Files</Filter>
    </ClInclude>
    <ClInclude Include="QJson\parser_p.h">
      <Filter>Header Files</Filter>
    </ClInclude>
    <CustomBuild Include="QJson\parserrunnable.h">
      <Filter>Header Files</Filter>
    </CustomBuild>
    <ClInclude Include="QJson\position.hh">
      <Filter>Header Files</Filter>
    </ClInclude>
    <ClInclude Include="QJson\qjson_debug.h">
      <Filter>Header Files</Filter>
    </ClInclude>
    <ClInclude Include="QJson\qjson_export.h">
      <Filter>Header Files</Filter>
    </ClInclude>
    <ClInclude Include="QJson\qobjecthelper.h">
      <Filter>Header Files</Filter>
    </ClInclude>
    <CustomBuild Include="qtutil.h">
      <Filter>Header Files</Filter>
    </CustomBuild>
    <ClInclude Include="QJson\serializer.h">
      <Filter>Header Files</Filter>
    </ClInclude>
    <CustomBuild Include="QJson\serializerrunnable.h">
      <Filter>Header Files</Filter>
    </CustomBuild>
    <ClInclude Include="includes\singleton.h">
      <Filter>Header Files</Filter>
    </ClInclude>
    <ClInclude Include="QJson\stack.hh">
      <Filter>Header Files</Filter>
    </ClInclude>
    <CustomBuild Include="ticker.h">
      <Filter>Header Files</Filter>
    </CustomBuild>
    <ClInclude Include="zdm2\zdmhttp.h">
      <Filter>Header Files</Filter>
    </ClInclude>
    <CustomBuild Include="zdm2\zdmhttpex.h">
      <Filter>Header Files</Filter>
    </CustomBuild>
    <CustomBuild Include="zdmhttptest.h">
      <Filter>Header Files</Filter>
    </CustomBuild>
    <ClInclude Include="zlog.h">
      <Filter>Header Files</Filter>
    </ClInclude>
    <ClInclude Include="zstring.h">
      <Filter>Header Files</Filter>
    </ClInclude>
    <ClInclude Include="GeneratedFiles\ui_mainwindow.h">
      <Filter>Generated Files</Filter>
    </ClInclude>
  </ItemGroup>
  <ItemGroup>
    <CustomBuild Include="mainwindow.ui">
      <Filter>Form Files</Filter>
    </CustomBuild>
  </ItemGroup>
</Project>