Microsoft Visual Studio Solution File, Format Version 11.00
# Visual Studio 2010
Project("{8BC9CEB8-8B4A-11D0-8D11-00A0C91BC942}") = "QtPracticeByDawny", "01src\sdk\QtPracticeByDawny.vcxproj", "{6E5227E9-AC8E-371A-943D-49530C0F2879}"
EndProject
Project("{8BC9CEB8-8B4A-11D0-8D11-00A0C91BC942}") = "runonce", "03examples\runonce\runonce.vcxproj", "{CDC2D232-45BE-3C68-8A8A-D53649BDE6E7}"
EndProject
Global
	GlobalSection(SolutionConfigurationPlatforms) = preSolution
		Debug|Win32 = Debug|Win32
		Release|Win32 = Release|Win32
	EndGlobalSection
	GlobalSection(ProjectConfigurationPlatforms) = postSolution
		{6E5227E9-AC8E-371A-943D-49530C0F2879}.Debug|Win32.ActiveCfg = Debug|Win32
		{6E5227E9-AC8E-371A-943D-49530C0F2879}.Debug|Win32.Build.0 = Debug|Win32
		{6E5227E9-AC8E-371A-943D-49530C0F2879}.Release|Win32.ActiveCfg = Release|Win32
		{6E5227E9-AC8E-371A-943D-49530C0F2879}.Release|Win32.Build.0 = Release|Win32
		{CDC2D232-45BE-3C68-8A8A-D53649BDE6E7}.Debug|Win32.ActiveCfg = Debug|Win32
		{CDC2D232-45BE-3C68-8A8A-D53649BDE6E7}.Debug|Win32.Build.0 = Debug|Win32
		{CDC2D232-45BE-3C68-8A8A-D53649BDE6E7}.Release|Win32.ActiveCfg = Release|Win32
		{CDC2D232-45BE-3C68-8A8A-D53649BDE6E7}.Release|Win32.Build.0 = Release|Win32
	EndGlobalSection
	GlobalSection(SolutionProperties) = preSolution
		HideSolutionNode = FALSE
	EndGlobalSection
	GlobalSection(ExtensibilityGlobals) = postSolution
		QtVersion = 4.8.6
	EndGlobalSection
EndGlobal
